
Microsoft Visual Studio Solution File, Format Version 12.00
# Visual Studio Version 16
VisualStudioVersion = 16.0.31515.178
MinimumVisualStudioVersion = 10.0.40219.1
Project("{FAE04EC0-301F-11D3-BF4B-00C04F79EFBC}") = "TodoList", "TodoList.csproj", "{14C33D83-541D-460E-927F-56695AAD861F}"
EndProject
Global
	GlobalSection(SolutionConfigurationPlatforms) = preSolution
		Debug|Any CPU = Debug|Any CPU
		Release|Any CPU = Release|Any CPU
	EndGlobalSection
	GlobalSection(ProjectConfigurationPlatforms) = postSolution
		{14C33D83-541D-460E-927F-56695AAD861F}.Debug|Any CPU.ActiveCfg = Debug|Any CPU
		{14C33D83-541D-460E-927F-56695AAD861F}.Debug|Any CPU.Build.0 = Debug|Any CPU
		{14C33D83-541D-460E-927F-56695AAD861F}.Release|Any CPU.ActiveCfg = Release|Any CPU
		{14C33D83-541D-460E-927F-56695AAD861F}.Release|Any CPU.Build.0 = Release|Any CPU
	EndGlobalSection
	GlobalSection(SolutionProperties) = preSolution
		HideSolutionNode = FALSE
	EndGlobalSection
	GlobalSection(ExtensibilityGlobals) = postSolution
		SolutionGuid = {AD4452FF-E82B-48C3-B261-E1400E170CA9}
	EndGlobalSection
EndGlobal
